// !$*UTF8*$!
{
	archiveVersion = 1;
	classes = {
	};
	objectVersion = 51;
	objects = {

/* Begin PBXBuildFile section */
		866AC619C634134F1783A77E /* Pods_TwitterTutorialRpt.framework in Frameworks */ = {isa = PBXBuildFile; fileRef = 54B68925307555CE865C1A69 /* Pods_TwitterTutorialRpt.framework */; };
		C400D34625F935E7006ADF36 /* TweetViewModel.swift in Sources */ = {isa = PBXBuildFile; fileRef = C400D34525F935E7006ADF36 /* TweetViewModel.swift */; };
		C400EA59266A6F44005F6DB1 /* EditProfileFooter.swift in Sources */ = {isa = PBXBuildFile; fileRef = C400EA58266A6F44005F6DB1 /* EditProfileFooter.swift */; };
		C400FD6525E40E5400CF72B1 /* AuthService.swift in Sources */ = {isa = PBXBuildFile; fileRef = C400FD6425E40E5400CF72B1 /* AuthService.swift */; };
		C400FD6825E5816C00CF72B1 /* UserService.swift in Sources */ = {isa = PBXBuildFile; fileRef = C400FD6725E5816C00CF72B1 /* UserService.swift */; };
		C426BD6A25F7D38500124C0C /* TweetCell.swift in Sources */ = {isa = PBXBuildFile; fileRef = C426BD6925F7D38500124C0C /* TweetCell.swift */; };
		C43110AB2661519600D245EA /* GoogleService-Info.plist in Resources */ = {isa = PBXBuildFile; fileRef = C43110AA2661519600D245EA /* GoogleService-Info.plist */; };
		C43717EC25E030FA005B83E0 /* Constants.swift in Sources */ = {isa = PBXBuildFile; fileRef = C43717EB25E030FA005B83E0 /* Constants.swift */; };
		C43AC9EB264ADE240074F9AB /* ActionSheetLauncher.swift in Sources */ = {isa = PBXBuildFile; fileRef = C43AC9EA264ADE240074F9AB /* ActionSheetLauncher.swift */; };
		C43AC9ED264C2DDD0074F9AB /* ActionSheetCell.swift in Sources */ = {isa = PBXBuildFile; fileRef = C43AC9EC264C2DDD0074F9AB /* ActionSheetCell.swift */; };
		C43AC9EF264C35C80074F9AB /* ActionSheetViewModel.swift in Sources */ = {isa = PBXBuildFile; fileRef = C43AC9EE264C35C80074F9AB /* ActionSheetViewModel.swift */; };
		C43CABAC265D5AA6009E1953 /* EditProfileController.swift in Sources */ = {isa = PBXBuildFile; fileRef = C43CABAB265D5AA6009E1953 /* EditProfileController.swift */; };
		C43CABAF265EA5E7009E1953 /* EditProfileHeader.swift in Sources */ = {isa = PBXBuildFile; fileRef = C43CABAE265EA5E7009E1953 /* EditProfileHeader.swift */; };
		C43DAA2725EFF147006EC204 /* UploadTweetController.swift in Sources */ = {isa = PBXBuildFile; fileRef = C43DAA2625EFF147006EC204 /* UploadTweetController.swift */; };
		C43DAA2A25F001A9006EC204 /* InputTextView.swift in Sources */ = {isa = PBXBuildFile; fileRef = C43DAA2925F001A9006EC204 /* InputTextView.swift */; };
		C44CD974260BAA2800FEB6F7 /* UserCell.swift in Sources */ = {isa = PBXBuildFile; fileRef = C44CD973260BAA2800FEB6F7 /* UserCell.swift */; };
		C4612B8925D44AFB00CC1CC9 /* MainTabController.swift in Sources */ = {isa = PBXBuildFile; fileRef = C4612B8825D44AFB00CC1CC9 /* MainTabController.swift */; };
		C4612B8C25D453CE00CC1CC9 /* FeedController.swift in Sources */ = {isa = PBXBuildFile; fileRef = C4612B8B25D453CE00CC1CC9 /* FeedController.swift */; };
		C4612B8F25D4544800CC1CC9 /* SearchController.swift in Sources */ = {isa = PBXBuildFile; fileRef = C4612B8E25D4544800CC1CC9 /* SearchController.swift */; };
		C4612B9225D4545B00CC1CC9 /* NotificationsController.swift in Sources */ = {isa = PBXBuildFile; fileRef = C4612B9125D4545B00CC1CC9 /* NotificationsController.swift */; };
		C4612B9525D4547400CC1CC9 /* ConversationsController.swift in Sources */ = {isa = PBXBuildFile; fileRef = C4612B9425D4547400CC1CC9 /* ConversationsController.swift */; };
		C463CE4E264EE225005230E6 /* Notification.swift in Sources */ = {isa = PBXBuildFile; fileRef = C463CE4D264EE225005230E6 /* Notification.swift */; };
		C4680E5D26024CF400C16AA3 /* ProfileFilterView.swift in Sources */ = {isa = PBXBuildFile; fileRef = C4680E5C26024CF400C16AA3 /* ProfileFilterView.swift */; };
		C4680E60260251DC00C16AA3 /* ProfileFilterCell.swift in Sources */ = {isa = PBXBuildFile; fileRef = C4680E5F260251DC00C16AA3 /* ProfileFilterCell.swift */; };
		C4680E632602721F00C16AA3 /* ProfileHeaderViewModel.swift in Sources */ = {isa = PBXBuildFile; fileRef = C4680E622602721F00C16AA3 /* ProfileHeaderViewModel.swift */; };
		C4681E052652C9D000EC41B7 /* NotificationService.swift in Sources */ = {isa = PBXBuildFile; fileRef = C4681E042652C9D000EC41B7 /* NotificationService.swift */; };
		C4681E072652D76500EC41B7 /* NotificationCell.swift in Sources */ = {isa = PBXBuildFile; fileRef = C4681E062652D76500EC41B7 /* NotificationCell.swift */; };
		C480225525F15664001A50EC /* TweetService.swift in Sources */ = {isa = PBXBuildFile; fileRef = C480225425F15664001A50EC /* TweetService.swift */; };
		C481F1292620A2C2008F8B30 /* TweetController.swift in Sources */ = {isa = PBXBuildFile; fileRef = C481F1282620A2C2008F8B30 /* TweetController.swift */; };
		C481F12C2620A7E9008F8B30 /* TweetHeader.swift in Sources */ = {isa = PBXBuildFile; fileRef = C481F12B2620A7E9008F8B30 /* TweetHeader.swift */; };
		C4929570265FF89B00B7F208 /* EditProfileViewModel.swift in Sources */ = {isa = PBXBuildFile; fileRef = C492956F265FF89B00B7F208 /* EditProfileViewModel.swift */; };
		C4929572265FFAAB00B7F208 /* EditProfileCell.swift in Sources */ = {isa = PBXBuildFile; fileRef = C4929571265FFAAB00B7F208 /* EditProfileCell.swift */; };
		C49DA9FC25D440C90069553C /* AppDelegate.swift in Sources */ = {isa = PBXBuildFile; fileRef = C49DA9FB25D440C90069553C /* AppDelegate.swift */; };
		C49DA9FE25D440C90069553C /* SceneDelegate.swift in Sources */ = {isa = PBXBuildFile; fileRef = C49DA9FD25D440C90069553C /* SceneDelegate.swift */; };
		C49DAA0525D440CC0069553C /* Assets.xcassets in Resources */ = {isa = PBXBuildFile; fileRef = C49DAA0425D440CC0069553C /* Assets.xcassets */; };
		C49DAA0825D440CC0069553C /* LaunchScreen.storyboard in Resources */ = {isa = PBXBuildFile; fileRef = C49DAA0625D440CC0069553C /* LaunchScreen.storyboard */; };
		C4A6965625E6AB4A0094D076 /* User.swift in Sources */ = {isa = PBXBuildFile; fileRef = C4A6965525E6AB4A0094D076 /* User.swift */; };
		C4BD472B25FA6B19001668C5 /* ProfileController.swift in Sources */ = {isa = PBXBuildFile; fileRef = C4BD472A25FA6B19001668C5 /* ProfileController.swift */; };
		C4BD472E25FA8178001668C5 /* ProfileHeader.swift in Sources */ = {isa = PBXBuildFile; fileRef = C4BD472D25FA8178001668C5 /* ProfileHeader.swift */; };
		C4CACAB626540DE2004BAD62 /* NotificationViewModel.swift in Sources */ = {isa = PBXBuildFile; fileRef = C4CACAB526540DE2004BAD62 /* NotificationViewModel.swift */; };
		C4CC99D625DAD47E00D43EB7 /* Extensions.swift in Sources */ = {isa = PBXBuildFile; fileRef = C4CC99D525DAD47E00D43EB7 /* Extensions.swift */; };
		C4CC99DA25DAE37100D43EB7 /* LoginController.swift in Sources */ = {isa = PBXBuildFile; fileRef = C4CC99D925DAE37100D43EB7 /* LoginController.swift */; };
		C4CC99DE25DAE47F00D43EB7 /* RegistrationController.swift in Sources */ = {isa = PBXBuildFile; fileRef = C4CC99DD25DAE47F00D43EB7 /* RegistrationController.swift */; };
		C4E21CE925DC1B4C0024FDB9 /* Utilities.swift in Sources */ = {isa = PBXBuildFile; fileRef = C4E21CE825DC1B4C0024FDB9 /* Utilities.swift */; };
		C4F399872642F8BC008BB084 /* UploadTweetViewModel.swift in Sources */ = {isa = PBXBuildFile; fileRef = C4F399862642F8BC008BB084 /* UploadTweetViewModel.swift */; };
		C4FD507625F2A3FC00CCBD3F /* Tweet.swift in Sources */ = {isa = PBXBuildFile; fileRef = C4FD507525F2A3FC00CCBD3F /* Tweet.swift */; };
/* End PBXBuildFile section */

/* Begin PBXFileReference section */
		3784C66C6A5BBDEE3CF33BC8 /* Pods-TwitterTutorialRpt.debug.xcconfig */ = {isa = PBXFileReference; includeInIndex = 1; lastKnownFileType = text.xcconfig; name = "Pods-TwitterTutorialRpt.debug.xcconfig"; path = "Target Support Files/Pods-TwitterTutorialRpt/Pods-TwitterTutorialRpt.debug.xcconfig"; sourceTree = "<group>"; };
		54B68925307555CE865C1A69 /* Pods_TwitterTutorialRpt.framework */ = {isa = PBXFileReference; explicitFileType = wrapper.framework; includeInIndex = 0; path = Pods_TwitterTutorialRpt.framework; sourceTree = BUILT_PRODUCTS_DIR; };
		C400D34525F935E7006ADF36 /* TweetViewModel.swift */ = {isa = PBXFileReference; lastKnownFileType = sourcecode.swift; path = TweetViewModel.swift; sourceTree = "<group>"; };
		C400EA58266A6F44005F6DB1 /* EditProfileFooter.swift */ = {isa = PBXFileReference; lastKnownFileType = sourcecode.swift; path = EditProfileFooter.swift; sourceTree = "<group>"; };
		C400FD6425E40E5400CF72B1 /* AuthService.swift */ = {isa = PBXFileReference; lastKnownFileType = sourcecode.swift; path = AuthService.swift; sourceTree = "<group>"; };
		C400FD6725E5816C00CF72B1 /* UserService.swift */ = {isa = PBXFileReference; lastKnownFileType = sourcecode.swift; path = UserService.swift; sourceTree = "<group>"; };
		C426BD6925F7D38500124C0C /* TweetCell.swift */ = {isa = PBXFileReference; lastKnownFileType = sourcecode.swift; path = TweetCell.swift; sourceTree = "<group>"; };
		C43110AA2661519600D245EA /* GoogleService-Info.plist */ = {isa = PBXFileReference; fileEncoding = 4; lastKnownFileType = text.plist.xml; path = "GoogleService-Info.plist"; sourceTree = "<group>"; };
		C43717EB25E030FA005B83E0 /* Constants.swift */ = {isa = PBXFileReference; lastKnownFileType = sourcecode.swift; path = Constants.swift; sourceTree = "<group>"; };
		C43AC9EA264ADE240074F9AB /* ActionSheetLauncher.swift */ = {isa = PBXFileReference; lastKnownFileType = sourcecode.swift; path = ActionSheetLauncher.swift; sourceTree = "<group>"; };
		C43AC9EC264C2DDD0074F9AB /* ActionSheetCell.swift */ = {isa = PBXFileReference; lastKnownFileType = sourcecode.swift; path = ActionSheetCell.swift; sourceTree = "<group>"; };
		C43AC9EE264C35C80074F9AB /* ActionSheetViewModel.swift */ = {isa = PBXFileReference; lastKnownFileType = sourcecode.swift; path = ActionSheetViewModel.swift; sourceTree = "<group>"; };
		C43CABAB265D5AA6009E1953 /* EditProfileController.swift */ = {isa = PBXFileReference; lastKnownFileType = sourcecode.swift; path = EditProfileController.swift; sourceTree = "<group>"; };
		C43CABAE265EA5E7009E1953 /* EditProfileHeader.swift */ = {isa = PBXFileReference; lastKnownFileType = sourcecode.swift; path = EditProfileHeader.swift; sourceTree = "<group>"; };
		C43DAA2625EFF147006EC204 /* UploadTweetController.swift */ = {isa = PBXFileReference; lastKnownFileType = sourcecode.swift; path = UploadTweetController.swift; sourceTree = "<group>"; };
		C43DAA2925F001A9006EC204 /* InputTextView.swift */ = {isa = PBXFileReference; lastKnownFileType = sourcecode.swift; path = InputTextView.swift; sourceTree = "<group>"; };
		C44CD973260BAA2800FEB6F7 /* UserCell.swift */ = {isa = PBXFileReference; lastKnownFileType = sourcecode.swift; path = UserCell.swift; sourceTree = "<group>"; };
		C4612B8825D44AFB00CC1CC9 /* MainTabController.swift */ = {isa = PBXFileReference; lastKnownFileType = sourcecode.swift; path = MainTabController.swift; sourceTree = "<group>"; };
		C4612B8B25D453CE00CC1CC9 /* FeedController.swift */ = {isa = PBXFileReference; lastKnownFileType = sourcecode.swift; path = FeedController.swift; sourceTree = "<group>"; };
		C4612B8E25D4544800CC1CC9 /* SearchController.swift */ = {isa = PBXFileReference; lastKnownFileType = sourcecode.swift; path = SearchController.swift; sourceTree = "<group>"; };
		C4612B9125D4545B00CC1CC9 /* NotificationsController.swift */ = {isa = PBXFileReference; lastKnownFileType = sourcecode.swift; path = NotificationsController.swift; sourceTree = "<group>"; };
		C4612B9425D4547400CC1CC9 /* ConversationsController.swift */ = {isa = PBXFileReference; lastKnownFileType = sourcecode.swift; path = ConversationsController.swift; sourceTree = "<group>"; };
		C463CE4D264EE225005230E6 /* Notification.swift */ = {isa = PBXFileReference; lastKnownFileType = sourcecode.swift; path = Notification.swift; sourceTree = "<group>"; };
		C4680E5C26024CF400C16AA3 /* ProfileFilterView.swift */ = {isa = PBXFileReference; lastKnownFileType = sourcecode.swift; path = ProfileFilterView.swift; sourceTree = "<group>"; };
		C4680E5F260251DC00C16AA3 /* ProfileFilterCell.swift */ = {isa = PBXFileReference; lastKnownFileType = sourcecode.swift; path = ProfileFilterCell.swift; sourceTree = "<group>"; };
		C4680E622602721F00C16AA3 /* ProfileHeaderViewModel.swift */ = {isa = PBXFileReference; lastKnownFileType = sourcecode.swift; path = ProfileHeaderViewModel.swift; sourceTree = "<group>"; };
		C4681E042652C9D000EC41B7 /* NotificationService.swift */ = {isa = PBXFileReference; lastKnownFileType = sourcecode.swift; path = NotificationService.swift; sourceTree = "<group>"; };
		C4681E062652D76500EC41B7 /* NotificationCell.swift */ = {isa = PBXFileReference; lastKnownFileType = sourcecode.swift; path = NotificationCell.swift; sourceTree = "<group>"; };
		C480225425F15664001A50EC /* TweetService.swift */ = {isa = PBXFileReference; lastKnownFileType = sourcecode.swift; path = TweetService.swift; sourceTree = "<group>"; };
		C481F1282620A2C2008F8B30 /* TweetController.swift */ = {isa = PBXFileReference; lastKnownFileType = sourcecode.swift; path = TweetController.swift; sourceTree = "<group>"; };
		C481F12B2620A7E9008F8B30 /* TweetHeader.swift */ = {isa = PBXFileReference; lastKnownFileType = sourcecode.swift; path = TweetHeader.swift; sourceTree = "<group>"; };
		C492956F265FF89B00B7F208 /* EditProfileViewModel.swift */ = {isa = PBXFileReference; lastKnownFileType = sourcecode.swift; path = EditProfileViewModel.swift; sourceTree = "<group>"; };
		C4929571265FFAAB00B7F208 /* EditProfileCell.swift */ = {isa = PBXFileReference; lastKnownFileType = sourcecode.swift; path = EditProfileCell.swift; sourceTree = "<group>"; };
		C49DA9F825D440C90069553C /* TwitterTutorialRpt.app */ = {isa = PBXFileReference; explicitFileType = wrapper.application; includeInIndex = 0; path = TwitterTutorialRpt.app; sourceTree = BUILT_PRODUCTS_DIR; };
		C49DA9FB25D440C90069553C /* AppDelegate.swift */ = {isa = PBXFileReference; lastKnownFileType = sourcecode.swift; path = AppDelegate.swift; sourceTree = "<group>"; };
		C49DA9FD25D440C90069553C /* SceneDelegate.swift */ = {isa = PBXFileReference; lastKnownFileType = sourcecode.swift; path = SceneDelegate.swift; sourceTree = "<group>"; };
		C49DAA0425D440CC0069553C /* Assets.xcassets */ = {isa = PBXFileReference; lastKnownFileType = folder.assetcatalog; path = Assets.xcassets; sourceTree = "<group>"; };
		C49DAA0725D440CC0069553C /* Base */ = {isa = PBXFileReference; lastKnownFileType = file.storyboard; name = Base; path = Base.lproj/LaunchScreen.storyboard; sourceTree = "<group>"; };
		C49DAA0925D440CC0069553C /* Info.plist */ = {isa = PBXFileReference; lastKnownFileType = text.plist.xml; path = Info.plist; sourceTree = "<group>"; };
		C4A6965525E6AB4A0094D076 /* User.swift */ = {isa = PBXFileReference; lastKnownFileType = sourcecode.swift; path = User.swift; sourceTree = "<group>"; };
		C4BD472A25FA6B19001668C5 /* ProfileController.swift */ = {isa = PBXFileReference; lastKnownFileType = sourcecode.swift; path = ProfileController.swift; sourceTree = "<group>"; };
		C4BD472D25FA8178001668C5 /* ProfileHeader.swift */ = {isa = PBXFileReference; lastKnownFileType = sourcecode.swift; path = ProfileHeader.swift; sourceTree = "<group>"; };
		C4CACAB526540DE2004BAD62 /* NotificationViewModel.swift */ = {isa = PBXFileReference; lastKnownFileType = sourcecode.swift; path = NotificationViewModel.swift; sourceTree = "<group>"; };
		C4CC99D525DAD47E00D43EB7 /* Extensions.swift */ = {isa = PBXFileReference; lastKnownFileType = sourcecode.swift; path = Extensions.swift; sourceTree = "<group>"; };
		C4CC99D925DAE37100D43EB7 /* LoginController.swift */ = {isa = PBXFileReference; lastKnownFileType = sourcecode.swift; path = LoginController.swift; sourceTree = "<group>"; };
		C4CC99DD25DAE47F00D43EB7 /* RegistrationController.swift */ = {isa = PBXFileReference; lastKnownFileType = sourcecode.swift; path = RegistrationController.swift; sourceTree = "<group>"; };
		C4E21CE825DC1B4C0024FDB9 /* Utilities.swift */ = {isa = PBXFileReference; lastKnownFileType = sourcecode.swift; path = Utilities.swift; sourceTree = "<group>"; };
		C4F399862642F8BC008BB084 /* UploadTweetViewModel.swift */ = {isa = PBXFileReference; lastKnownFileType = sourcecode.swift; path = UploadTweetViewModel.swift; sourceTree = "<group>"; };
		C4FD507525F2A3FC00CCBD3F /* Tweet.swift */ = {isa = PBXFileReference; lastKnownFileType = sourcecode.swift; path = Tweet.swift; sourceTree = "<group>"; };
		FB237139338A931D7A003E74 /* Pods-TwitterTutorialRpt.release.xcconfig */ = {isa = PBXFileReference; includeInIndex = 1; lastKnownFileType = text.xcconfig; name = "Pods-TwitterTutorialRpt.release.xcconfig"; path = "Target Support Files/Pods-TwitterTutorialRpt/Pods-TwitterTutorialRpt.release.xcconfig"; sourceTree = "<group>"; };
/* End PBXFileReference section */

/* Begin PBXFrameworksBuildPhase section */
		C49DA9F525D440C90069553C /* Frameworks */ = {
			isa = PBXFrameworksBuildPhase;
			buildActionMask = 2147483647;
			files = (
				866AC619C634134F1783A77E /* Pods_TwitterTutorialRpt.framework in Frameworks */,
			);
			runOnlyForDeploymentPostprocessing = 0;
		};
/* End PBXFrameworksBuildPhase section */

/* Begin PBXGroup section */
		882FEE73241B372AFB27C938 /* Pods */ = {
			isa = PBXGroup;
			children = (
				3784C66C6A5BBDEE3CF33BC8 /* Pods-TwitterTutorialRpt.debug.xcconfig */,
				FB237139338A931D7A003E74 /* Pods-TwitterTutorialRpt.release.xcconfig */,
			);
			path = Pods;
			sourceTree = "<group>";
		};
		C43CABAD265EA295009E1953 /* Profile */ = {
			isa = PBXGroup;
			children = (
				C4680E5C26024CF400C16AA3 /* ProfileFilterView.swift */,
				C4680E5F260251DC00C16AA3 /* ProfileFilterCell.swift */,
				C4BD472D25FA8178001668C5 /* ProfileHeader.swift */,
				C43CABAE265EA5E7009E1953 /* EditProfileHeader.swift */,
				C4929571265FFAAB00B7F208 /* EditProfileCell.swift */,
				C400EA58266A6F44005F6DB1 /* EditProfileFooter.swift */,
			);
			path = Profile;
			sourceTree = "<group>";
		};
		C49DA9EF25D440C90069553C = {
			isa = PBXGroup;
			children = (
				C49DA9FA25D440C90069553C /* TwitterTutorialRpt */,
				C49DA9F925D440C90069553C /* Products */,
				882FEE73241B372AFB27C938 /* Pods */,
				C4E0AF6739C0BA3DC1573AA2 /* Frameworks */,
			);
			sourceTree = "<group>";
		};
		C49DA9F925D440C90069553C /* Products */ = {
			isa = PBXGroup;
			children = (
				C49DA9F825D440C90069553C /* TwitterTutorialRpt.app */,
			);
			name = Products;
			sourceTree = "<group>";
		};
		C49DA9FA25D440C90069553C /* TwitterTutorialRpt */ = {
			isa = PBXGroup;
			children = (
				C49DAA1925D448850069553C /* Model */,
				C49DAA1825D448840069553C /* View */,
				C49DAA1725D448820069553C /* ViewModel */,
				C49DAA1625D448800069553C /* Controller */,
				C49DAA1525D4486A0069553C /* API */,
				C49DAA1A25D448CA0069553C /* Utililties */,
				C49DA9FB25D440C90069553C /* AppDelegate.swift */,
				C49DA9FD25D440C90069553C /* SceneDelegate.swift */,
				C49DAA0425D440CC0069553C /* Assets.xcassets */,
				C49DAA0625D440CC0069553C /* LaunchScreen.storyboard */,
				C49DAA0925D440CC0069553C /* Info.plist */,
				C43110AA2661519600D245EA /* GoogleService-Info.plist */,
			);
			path = TwitterTutorialRpt;
			sourceTree = "<group>";
		};
		C49DAA1525D4486A0069553C /* API */ = {
			isa = PBXGroup;
			children = (
				C400FD6425E40E5400CF72B1 /* AuthService.swift */,
				C400FD6725E5816C00CF72B1 /* UserService.swift */,
				C480225425F15664001A50EC /* TweetService.swift */,
				C4681E042652C9D000EC41B7 /* NotificationService.swift */,
			);
			path = API;
			sourceTree = "<group>";
		};
		C49DAA1625D448800069553C /* Controller */ = {
			isa = PBXGroup;
			children = (
				C4CC99D825DAE34200D43EB7 /* Authentication */,
				C4612B8825D44AFB00CC1CC9 /* MainTabController.swift */,
				C4612B8B25D453CE00CC1CC9 /* FeedController.swift */,
				C4612B8E25D4544800CC1CC9 /* SearchController.swift */,
				C4612B9125D4545B00CC1CC9 /* NotificationsController.swift */,
				C4612B9425D4547400CC1CC9 /* ConversationsController.swift */,
				C43DAA2625EFF147006EC204 /* UploadTweetController.swift */,
				C4BD472A25FA6B19001668C5 /* ProfileController.swift */,
				C481F1282620A2C2008F8B30 /* TweetController.swift */,
				C43CABAB265D5AA6009E1953 /* EditProfileController.swift */,
			);
			path = Controller;
			sourceTree = "<group>";
		};
		C49DAA1725D448820069553C /* ViewModel */ = {
			isa = PBXGroup;
			children = (
				C400D34525F935E7006ADF36 /* TweetViewModel.swift */,
				C4680E622602721F00C16AA3 /* ProfileHeaderViewModel.swift */,
				C4F399862642F8BC008BB084 /* UploadTweetViewModel.swift */,
				C43AC9EE264C35C80074F9AB /* ActionSheetViewModel.swift */,
				C4CACAB526540DE2004BAD62 /* NotificationViewModel.swift */,
				C492956F265FF89B00B7F208 /* EditProfileViewModel.swift */,
			);
			path = ViewModel;
			sourceTree = "<group>";
		};
		C49DAA1825D448840069553C /* View */ = {
			isa = PBXGroup;
			children = (
				C43CABAD265EA295009E1953 /* Profile */,
				C43DAA2925F001A9006EC204 /* InputTextView.swift */,
				C426BD6925F7D38500124C0C /* TweetCell.swift */,
				C44CD973260BAA2800FEB6F7 /* UserCell.swift */,
				C481F12B2620A7E9008F8B30 /* TweetHeader.swift */,
				C43AC9EC264C2DDD0074F9AB /* ActionSheetCell.swift */,
				C4681E062652D76500EC41B7 /* NotificationCell.swift */,
			);
			path = View;
			sourceTree = "<group>";
		};
		C49DAA1925D448850069553C /* Model */ = {
			isa = PBXGroup;
			children = (
				C4A6965525E6AB4A0094D076 /* User.swift */,
				C4FD507525F2A3FC00CCBD3F /* Tweet.swift */,
				C463CE4D264EE225005230E6 /* Notification.swift */,
			);
			path = Model;
			sourceTree = "<group>";
		};
		C49DAA1A25D448CA0069553C /* Utililties */ = {
			isa = PBXGroup;
			children = (
				C4CC99D525DAD47E00D43EB7 /* Extensions.swift */,
				C4E21CE825DC1B4C0024FDB9 /* Utilities.swift */,
				C43717EB25E030FA005B83E0 /* Constants.swift */,
				C43AC9EA264ADE240074F9AB /* ActionSheetLauncher.swift */,
			);
			path = Utililties;
			sourceTree = "<group>";
		};
		C4CC99D825DAE34200D43EB7 /* Authentication */ = {
			isa = PBXGroup;
			children = (
				C4CC99D925DAE37100D43EB7 /* LoginController.swift */,
				C4CC99DD25DAE47F00D43EB7 /* RegistrationController.swift */,
			);
			path = Authentication;
			sourceTree = "<group>";
		};
		C4E0AF6739C0BA3DC1573AA2 /* Frameworks */ = {
			isa = PBXGroup;
			children = (
				54B68925307555CE865C1A69 /* Pods_TwitterTutorialRpt.framework */,
			);
			name = Frameworks;
			sourceTree = "<group>";
		};
/* End PBXGroup section */

/* Begin PBXNativeTarget section */
		C49DA9F725D440C90069553C /* TwitterTutorialRpt */ = {
			isa = PBXNativeTarget;
			buildConfigurationList = C49DAA0C25D440CC0069553C /* Build configuration list for PBXNativeTarget "TwitterTutorialRpt" */;
			buildPhases = (
				8CBAF0F6AF9EF00913E5D453 /* [CP] Check Pods Manifest.lock */,
				C49DA9F425D440C90069553C /* Sources */,
				C49DA9F525D440C90069553C /* Frameworks */,
				C49DA9F625D440C90069553C /* Resources */,
				6851E41750259A40B0145B5F /* [CP] Embed Pods Frameworks */,
			);
			buildRules = (
			);
			dependencies = (
			);
			name = TwitterTutorialRpt;
			productName = TwitterTutorialRpt;
			productReference = C49DA9F825D440C90069553C /* TwitterTutorialRpt.app */;
			productType = "com.apple.product-type.application";
		};
/* End PBXNativeTarget section */

/* Begin PBXProject section */
		C49DA9F025D440C90069553C /* Project object */ = {
			isa = PBXProject;
			attributes = {
				LastSwiftUpdateCheck = 1240;
				LastUpgradeCheck = 1240;
				TargetAttributes = {
					C49DA9F725D440C90069553C = {
						CreatedOnToolsVersion = 12.4;
					};
				};
			};
			buildConfigurationList = C49DA9F325D440C90069553C /* Build configuration list for PBXProject "TwitterTutorialRpt" */;
			compatibilityVersion = "Xcode 9.3";
			developmentRegion = en;
			hasScannedForEncodings = 0;
			knownRegions = (
				en,
				Base,
			);
			mainGroup = C49DA9EF25D440C90069553C;
			productRefGroup = C49DA9F925D440C90069553C /* Products */;
			projectDirPath = "";
			projectRoot = "";
			targets = (
				C49DA9F725D440C90069553C /* TwitterTutorialRpt */,
			);
		};
/* End PBXProject section */

/* Begin PBXResourcesBuildPhase section */
		C49DA9F625D440C90069553C /* Resources */ = {
			isa = PBXResourcesBuildPhase;
			buildActionMask = 2147483647;
			files = (
				C49DAA0825D440CC0069553C /* LaunchScreen.storyboard in Resources */,
				C49DAA0525D440CC0069553C /* Assets.xcassets in Resources */,
				C43110AB2661519600D245EA /* GoogleService-Info.plist in Resources */,
			);
			runOnlyForDeploymentPostprocessing = 0;
		};
/* End PBXResourcesBuildPhase section */

/* Begin PBXShellScriptBuildPhase section */
		6851E41750259A40B0145B5F /* [CP] Embed Pods Frameworks */ = {
			isa = PBXShellScriptBuildPhase;
			buildActionMask = 2147483647;
			files = (
			);
			inputFileListPaths = (
				"${PODS_ROOT}/Target Support Files/Pods-TwitterTutorialRpt/Pods-TwitterTutorialRpt-frameworks-${CONFIGURATION}-input-files.xcfilelist",
			);
			name = "[CP] Embed Pods Frameworks";
			outputFileListPaths = (
				"${PODS_ROOT}/Target Support Files/Pods-TwitterTutorialRpt/Pods-TwitterTutorialRpt-frameworks-${CONFIGURATION}-output-files.xcfilelist",
			);
			runOnlyForDeploymentPostprocessing = 0;
			shellPath = /bin/sh;
			shellScript = "\"${PODS_ROOT}/Target Support Files/Pods-TwitterTutorialRpt/Pods-TwitterTutorialRpt-frameworks.sh\"\n";
			showEnvVarsInLog = 0;
		};
		8CBAF0F6AF9EF00913E5D453 /* [CP] Check Pods Manifest.lock */ = {
			isa = PBXShellScriptBuildPhase;
			buildActionMask = 2147483647;
			files = (
			);
			inputFileListPaths = (
			);
			inputPaths = (
				"${PODS_PODFILE_DIR_PATH}/Podfile.lock",
				"${PODS_ROOT}/Manifest.lock",
			);
			name = "[CP] Check Pods Manifest.lock";
			outputFileListPaths = (
			);
			outputPaths = (
				"$(DERIVED_FILE_DIR)/Pods-TwitterTutorialRpt-checkManifestLockResult.txt",
			);
			runOnlyForDeploymentPostprocessing = 0;
			shellPath = /bin/sh;
			shellScript = "diff \"${PODS_PODFILE_DIR_PATH}/Podfile.lock\" \"${PODS_ROOT}/Manifest.lock\" > /dev/null\nif [ $? != 0 ] ; then\n    # print error to STDERR\n    echo \"error: The sandbox is not in sync with the Podfile.lock. Run 'pod install' or update your CocoaPods installation.\" >&2\n    exit 1\nfi\n# This output is used by Xcode 'outputs' to avoid re-running this script phase.\necho \"SUCCESS\" > \"${SCRIPT_OUTPUT_FILE_0}\"\n";
			showEnvVarsInLog = 0;
		};
/* End PBXShellScriptBuildPhase section */

/* Begin PBXSourcesBuildPhase section */
		C49DA9F425D440C90069553C /* Sources */ = {
			isa = PBXSourcesBuildPhase;
			buildActionMask = 2147483647;
			files = (
				C400FD6825E5816C00CF72B1 /* UserService.swift in Sources */,
				C4612B9225D4545B00CC1CC9 /* NotificationsController.swift in Sources */,
				C43DAA2A25F001A9006EC204 /* InputTextView.swift in Sources */,
				C4680E60260251DC00C16AA3 /* ProfileFilterCell.swift in Sources */,
				C4612B9525D4547400CC1CC9 /* ConversationsController.swift in Sources */,
				C4E21CE925DC1B4C0024FDB9 /* Utilities.swift in Sources */,
				C49DA9FC25D440C90069553C /* AppDelegate.swift in Sources */,
				C43CABAC265D5AA6009E1953 /* EditProfileController.swift in Sources */,
				C43AC9ED264C2DDD0074F9AB /* ActionSheetCell.swift in Sources */,
				C4CC99D625DAD47E00D43EB7 /* Extensions.swift in Sources */,
				C4CACAB626540DE2004BAD62 /* NotificationViewModel.swift in Sources */,
				C44CD974260BAA2800FEB6F7 /* UserCell.swift in Sources */,
				C481F1292620A2C2008F8B30 /* TweetController.swift in Sources */,
				C4BD472B25FA6B19001668C5 /* ProfileController.swift in Sources */,
				C4F399872642F8BC008BB084 /* UploadTweetViewModel.swift in Sources */,
				C4BD472E25FA8178001668C5 /* ProfileHeader.swift in Sources */,
				C4929572265FFAAB00B7F208 /* EditProfileCell.swift in Sources */,
				C426BD6A25F7D38500124C0C /* TweetCell.swift in Sources */,
				C4CC99DA25DAE37100D43EB7 /* LoginController.swift in Sources */,
				C463CE4E264EE225005230E6 /* Notification.swift in Sources */,
				C400FD6525E40E5400CF72B1 /* AuthService.swift in Sources */,
				C4680E632602721F00C16AA3 /* ProfileHeaderViewModel.swift in Sources */,
				C43DAA2725EFF147006EC204 /* UploadTweetController.swift in Sources */,
				C4A6965625E6AB4A0094D076 /* User.swift in Sources */,
				C43CABAF265EA5E7009E1953 /* EditProfileHeader.swift in Sources */,
				C4612B8F25D4544800CC1CC9 /* SearchController.swift in Sources */,
				C49DA9FE25D440C90069553C /* SceneDelegate.swift in Sources */,
				C4681E052652C9D000EC41B7 /* NotificationService.swift in Sources */,
				C4612B8925D44AFB00CC1CC9 /* MainTabController.swift in Sources */,
				C481F12C2620A7E9008F8B30 /* TweetHeader.swift in Sources */,
				C400D34625F935E7006ADF36 /* TweetViewModel.swift in Sources */,
				C43AC9EF264C35C80074F9AB /* ActionSheetViewModel.swift in Sources */,
				C4681E072652D76500EC41B7 /* NotificationCell.swift in Sources */,
				C4929570265FF89B00B7F208 /* EditProfileViewModel.swift in Sources */,
				C400EA59266A6F44005F6DB1 /* EditProfileFooter.swift in Sources */,
				C4CC99DE25DAE47F00D43EB7 /* RegistrationController.swift in Sources */,
				C4612B8C25D453CE00CC1CC9 /* FeedController.swift in Sources */,
				C4680E5D26024CF400C16AA3 /* ProfileFilterView.swift in Sources */,
				C43717EC25E030FA005B83E0 /* Constants.swift in Sources */,
				C43AC9EB264ADE240074F9AB /* ActionSheetLauncher.swift in Sources */,
				C4FD507625F2A3FC00CCBD3F /* Tweet.swift in Sources */,
				C480225525F15664001A50EC /* TweetService.swift in Sources */,
			);
			runOnlyForDeploymentPostprocessing = 0;
		};
/* End PBXSourcesBuildPhase section */

/* Begin PBXVariantGroup section */
		C49DAA0625D440CC0069553C /* LaunchScreen.storyboard */ = {
			isa = PBXVariantGroup;
			children = (
				C49DAA0725D440CC0069553C /* Base */,
			);
			name = LaunchScreen.storyboard;
			sourceTree = "<group>";
		};
/* End PBXVariantGroup section */

/* Begin XCBuildConfiguration section */
		C49DAA0A25D440CC0069553C /* Debug */ = {
			isa = XCBuildConfiguration;
			buildSettings = {
				ALWAYS_SEARCH_USER_PATHS = NO;
				CLANG_ANALYZER_NONNULL = YES;
				CLANG_ANALYZER_NUMBER_OBJECT_CONVERSION = YES_AGGRESSIVE;
				CLANG_CXX_LANGUAGE_STANDARD = "gnu++14";
				CLANG_CXX_LIBRARY = "libc++";
				CLANG_ENABLE_MODULES = YES;
				CLANG_ENABLE_OBJC_ARC = YES;
				CLANG_ENABLE_OBJC_WEAK = YES;
				CLANG_WARN_BLOCK_CAPTURE_AUTORELEASING = YES;
				CLANG_WARN_BOOL_CONVERSION = YES;
				CLANG_WARN_COMMA = YES;
				CLANG_WARN_CONSTANT_CONVERSION = YES;
				CLANG_WARN_DEPRECATED_OBJC_IMPLEMENTATIONS = YES;
				CLANG_WARN_DIRECT_OBJC_ISA_USAGE = YES_ERROR;
				CLANG_WARN_DOCUMENTATION_COMMENTS = YES;
				CLANG_WARN_EMPTY_BODY = YES;
				CLANG_WARN_ENUM_CONVERSION = YES;
				CLANG_WARN_INFINITE_RECURSION = YES;
				CLANG_WARN_INT_CONVERSION = YES;
				CLANG_WARN_NON_LITERAL_NULL_CONVERSION = YES;
				CLANG_WARN_OBJC_IMPLICIT_RETAIN_SELF = YES;
				CLANG_WARN_OBJC_LITERAL_CONVERSION = YES;
				CLANG_WARN_OBJC_ROOT_CLASS = YES_ERROR;
				CLANG_WARN_QUOTED_INCLUDE_IN_FRAMEWORK_HEADER = YES;
				CLANG_WARN_RANGE_LOOP_ANALYSIS = YES;
				CLANG_WARN_STRICT_PROTOTYPES = YES;
				CLANG_WARN_SUSPICIOUS_MOVE = YES;
				CLANG_WARN_UNGUARDED_AVAILABILITY = YES_AGGRESSIVE;
				CLANG_WARN_UNREACHABLE_CODE = YES;
				CLANG_WARN__DUPLICATE_METHOD_MATCH = YES;
				COPY_PHASE_STRIP = NO;
				DEBUG_INFORMATION_FORMAT = dwarf;
				ENABLE_STRICT_OBJC_MSGSEND = YES;
				ENABLE_TESTABILITY = YES;
				GCC_C_LANGUAGE_STANDARD = gnu11;
				GCC_DYNAMIC_NO_PIC = NO;
				GCC_NO_COMMON_BLOCKS = YES;
				GCC_OPTIMIZATION_LEVEL = 0;
				GCC_PREPROCESSOR_DEFINITIONS = (
					"DEBUG=1",
					"$(inherited)",
				);
				GCC_WARN_64_TO_32_BIT_CONVERSION = YES;
				GCC_WARN_ABOUT_RETURN_TYPE = YES_ERROR;
				GCC_WARN_UNDECLARED_SELECTOR = YES;
				GCC_WARN_UNINITIALIZED_AUTOS = YES_AGGRESSIVE;
				GCC_WARN_UNUSED_FUNCTION = YES;
				GCC_WARN_UNUSED_VARIABLE = YES;
				IPHONEOS_DEPLOYMENT_TARGET = 13.0;
				MTL_ENABLE_DEBUG_INFO = INCLUDE_SOURCE;
				MTL_FAST_MATH = YES;
				ONLY_ACTIVE_ARCH = YES;
				SDKROOT = iphoneos;
				SWIFT_ACTIVE_COMPILATION_CONDITIONS = DEBUG;
				SWIFT_OPTIMIZATION_LEVEL = "-Onone";
			};
			name = Debug;
		};
		C49DAA0B25D440CC0069553C /* Release */ = {
			isa = XCBuildConfiguration;
			buildSettings = {
				ALWAYS_SEARCH_USER_PATHS = NO;
				CLANG_ANALYZER_NONNULL = YES;
				CLANG_ANALYZER_NUMBER_OBJECT_CONVERSION = YES_AGGRESSIVE;
				CLANG_CXX_LANGUAGE_STANDARD = "gnu++14";
				CLANG_CXX_LIBRARY = "libc++";
				CLANG_ENABLE_MODULES = YES;
				CLANG_ENABLE_OBJC_ARC = YES;
				CLANG_ENABLE_OBJC_WEAK = YES;
				CLANG_WARN_BLOCK_CAPTURE_AUTORELEASING = YES;
				CLANG_WARN_BOOL_CONVERSION = YES;
				CLANG_WARN_COMMA = YES;
				CLANG_WARN_CONSTANT_CONVERSION = YES;
				CLANG_WARN_DEPRECATED_OBJC_IMPLEMENTATIONS = YES;
				CLANG_WARN_DIRECT_OBJC_ISA_USAGE = YES_ERROR;
				CLANG_WARN_DOCUMENTATION_COMMENTS = YES;
				CLANG_WARN_EMPTY_BODY = YES;
				CLANG_WARN_ENUM_CONVERSION = YES;
				CLANG_WARN_INFINITE_RECURSION = YES;
				CLANG_WARN_INT_CONVERSION = YES;
				CLANG_WARN_NON_LITERAL_NULL_CONVERSION = YES;
				CLANG_WARN_OBJC_IMPLICIT_RETAIN_SELF = YES;
				CLANG_WARN_OBJC_LITERAL_CONVERSION = YES;
				CLANG_WARN_OBJC_ROOT_CLASS = YES_ERROR;
				CLANG_WARN_QUOTED_INCLUDE_IN_FRAMEWORK_HEADER = YES;
				CLANG_WARN_RANGE_LOOP_ANALYSIS = YES;
				CLANG_WARN_STRICT_PROTOTYPES = YES;
				CLANG_WARN_SUSPICIOUS_MOVE = YES;
				CLANG_WARN_UNGUARDED_AVAILABILITY = YES_AGGRESSIVE;
				CLANG_WARN_UNREACHABLE_CODE = YES;
				CLANG_WARN__DUPLICATE_METHOD_MATCH = YES;
				COPY_PHASE_STRIP = NO;
				DEBUG_INFORMATION_FORMAT = "dwarf-with-dsym";
				ENABLE_NS_ASSERTIONS = NO;
				ENABLE_STRICT_OBJC_MSGSEND = YES;
				GCC_C_LANGUAGE_STANDARD = gnu11;
				GCC_NO_COMMON_BLOCKS = YES;
				GCC_WARN_64_TO_32_BIT_CONVERSION = YES;
				GCC_WARN_ABOUT_RETURN_TYPE = YES_ERROR;
				GCC_WARN_UNDECLARED_SELECTOR = YES;
				GCC_WARN_UNINITIALIZED_AUTOS = YES_AGGRESSIVE;
				GCC_WARN_UNUSED_FUNCTION = YES;
				GCC_WARN_UNUSED_VARIABLE = YES;
				IPHONEOS_DEPLOYMENT_TARGET = 13.0;
				MTL_ENABLE_DEBUG_INFO = NO;
				MTL_FAST_MATH = YES;
				SDKROOT = iphoneos;
				SWIFT_COMPILATION_MODE = wholemodule;
				SWIFT_OPTIMIZATION_LEVEL = "-O";
				VALIDATE_PRODUCT = YES;
			};
			name = Release;
		};
		C49DAA0D25D440CC0069553C /* Debug */ = {
			isa = XCBuildConfiguration;
			baseConfigurationReference = 3784C66C6A5BBDEE3CF33BC8 /* Pods-TwitterTutorialRpt.debug.xcconfig */;
			buildSettings = {
				ASSETCATALOG_COMPILER_APPICON_NAME = AppIcon;
				ASSETCATALOG_COMPILER_GLOBAL_ACCENT_COLOR_NAME = AccentColor;
				CODE_SIGN_STYLE = Automatic;
				DEVELOPMENT_TEAM = 555CBMTQ4N;
				INFOPLIST_FILE = TwitterTutorialRpt/Info.plist;
				IPHONEOS_DEPLOYMENT_TARGET = 13.0;
				LD_RUNPATH_SEARCH_PATHS = (
					"$(inherited)",
					"@executable_path/Frameworks",
				);
				PRODUCT_BUNDLE_IDENTIFIER = com.sjlearmonth.TwitterTutorialRpt;
				PRODUCT_NAME = "$(TARGET_NAME)";
				SWIFT_VERSION = 5.0;
				TARGETED_DEVICE_FAMILY = "1,2";
			};
			name = Debug;
		};
		C49DAA0E25D440CC0069553C /* Release */ = {
			isa = XCBuildConfiguration;
			baseConfigurationReference = FB237139338A931D7A003E74 /* Pods-TwitterTutorialRpt.release.xcconfig */;
			buildSettings = {
				ASSETCATALOG_COMPILER_APPICON_NAME = AppIcon;
				ASSETCATALOG_COMPILER_GLOBAL_ACCENT_COLOR_NAME = AccentColor;
				CODE_SIGN_STYLE = Automatic;
				DEVELOPMENT_TEAM = 555CBMTQ4N;
				INFOPLIST_FILE = TwitterTutorialRpt/Info.plist;
				IPHONEOS_DEPLOYMENT_TARGET = 13.0;
				LD_RUNPATH_SEARCH_PATHS = (
					"$(inherited)",
					"@executable_path/Frameworks",
				);
				PRODUCT_BUNDLE_IDENTIFIER = com.sjlearmonth.TwitterTutorialRpt;
				PRODUCT_NAME = "$(TARGET_NAME)";
				SWIFT_VERSION = 5.0;
				TARGETED_DEVICE_FAMILY = "1,2";
			};
			name = Release;
		};
/* End XCBuildConfiguration section */

/* Begin XCConfigurationList section */
		C49DA9F325D440C90069553C /* Build configuration list for PBXProject "TwitterTutorialRpt" */ = {
			isa = XCConfigurationList;
			buildConfigurations = (
				C49DAA0A25D440CC0069553C /* Debug */,
				C49DAA0B25D440CC0069553C /* Release */,
			);
			defaultConfigurationIsVisible = 0;
			defaultConfigurationName = Release;
		};
		C49DAA0C25D440CC0069553C /* Build configuration list for PBXNativeTarget "TwitterTutorialRpt" */ = {
			isa = XCConfigurationList;
			buildConfigurations = (
				C49DAA0D25D440CC0069553C /* Debug */,
				C49DAA0E25D440CC0069553C /* Release */,
			);
			defaultConfigurationIsVisible = 0;
			defaultConfigurationName = Release;
		};
/* End XCConfigurationList section */
	};
	rootObject = C49DA9F025D440C90069553C /* Project object */;
}
